
Microsoft Visual Studio Solution File, Format Version 12.00
# Visual Studio 2012
Project("{FAE04EC0-301F-11D3-BF4B-00C04F79EFBC}") = "WpfApplication1", "WpfApplication1\WpfApplication1.csproj", "{EB0A0055-485C-4267-998B-C1F447DB865F}"
EndProject
Global
	GlobalSection(SolutionConfigurationPlatforms) = preSolution
		Debug|Any CPU = Debug|Any CPU
		Release|Any CPU = Release|Any CPU
	EndGlobalSection
	GlobalSection(ProjectConfigurationPlatforms) = postSolution
		{EB0A0055-485C-4267-998B-C1F447DB865F}.Debug|Any CPU.ActiveCfg = Debug|Any CPU
		{EB0A0055-485C-4267-998B-C1F447DB865F}.Debug|Any CPU.Build.0 = Debug|Any CPU
		{EB0A0055-485C-4267-998B-C1F447DB865F}.Release|Any CPU.ActiveCfg = Release|Any CPU
		{EB0A0055-485C-4267-998B-C1F447DB865F}.Release|Any CPU.Build.0 = Release|Any CPU
	EndGlobalSection
	GlobalSection(SolutionProperties) = preSolution
		HideSolutionNode = FALSE
	EndGlobalSection
EndGlobal
